// !$*UTF8*$!
{
	archiveVersion = 1;
	classes = {
	};
	objectVersion = 51;
	objects = {

/* Begin PBXBuildFile section */
		1F0F31DD244E9BCA00C1C308 /* PlayerInfo.swift in Sources */ = {isa = PBXBuildFile; fileRef = 1F0F31DC244E9BCA00C1C308 /* PlayerInfo.swift */; };
		1F0F31DF244E9D1600C1C308 /* Players.swift in Sources */ = {isa = PBXBuildFile; fileRef = 1F0F31DE244E9D1600C1C308 /* Players.swift */; };
		1F0F31E1244EA2CB00C1C308 /* UIImageView + loadURL.swift in Sources */ = {isa = PBXBuildFile; fileRef = 1F0F31E0244EA2CB00C1C308 /* UIImageView + loadURL.swift */; };
		1F2996A0244E8E8F00A35C00 /* RosterTableViewCell.swift in Sources */ = {isa = PBXBuildFile; fileRef = 1F29969F244E8E8F00A35C00 /* RosterTableViewCell.swift */; };
		1F2996A2244E911100A35C00 /* UIColor + hexString init.swift in Sources */ = {isa = PBXBuildFile; fileRef = 1F2996A1244E911100A35C00 /* UIColor + hexString init.swift */; };
		1F412956244E6D3400B2F44C /* libSVGKit.a in Frameworks */ = {isa = PBXBuildFile; fileRef = 1F412955244E6D3400B2F44C /* libSVGKit.a */; };
		1F6D50DB244AA8E00052FD97 /* AppDelegate.swift in Sources */ = {isa = PBXBuildFile; fileRef = 1F6D50DA244AA8E00052FD97 /* AppDelegate.swift */; };
		1F6D50DD244AA8E00052FD97 /* SceneDelegate.swift in Sources */ = {isa = PBXBuildFile; fileRef = 1F6D50DC244AA8E00052FD97 /* SceneDelegate.swift */; };
		1F6D50DF244AA8E00052FD97 /* ViewController.swift in Sources */ = {isa = PBXBuildFile; fileRef = 1F6D50DE244AA8E00052FD97 /* ViewController.swift */; };
		1F6D50E2244AA8E00052FD97 /* Main.storyboard in Resources */ = {isa = PBXBuildFile; fileRef = 1F6D50E0244AA8E00052FD97 /* Main.storyboard */; };
		1F6D50E4244AA8E30052FD97 /* Assets.xcassets in Resources */ = {isa = PBXBuildFile; fileRef = 1F6D50E3244AA8E30052FD97 /* Assets.xcassets */; };
		1F6D50E7244AA8E30052FD97 /* LaunchScreen.storyboard in Resources */ = {isa = PBXBuildFile; fileRef = 1F6D50E5244AA8E30052FD97 /* LaunchScreen.storyboard */; };
		1F6D50EF244AB9C50052FD97 /* TeamTableViewCell.swift in Sources */ = {isa = PBXBuildFile; fileRef = 1F6D50EE244AB9C50052FD97 /* TeamTableViewCell.swift */; };
		1F6D50F1244AB9D40052FD97 /* GameTableViewCell.swift in Sources */ = {isa = PBXBuildFile; fileRef = 1F6D50F0244AB9D40052FD97 /* GameTableViewCell.swift */; };
		1F6D50F3244AC0BA0052FD97 /* TeamDetailViewController.swift in Sources */ = {isa = PBXBuildFile; fileRef = 1F6D50F2244AC0BA0052FD97 /* TeamDetailViewController.swift */; };
		1F6D50F9244AC7790052FD97 /* AddTeamViewController.swift in Sources */ = {isa = PBXBuildFile; fileRef = 1F6D50F8244AC7790052FD97 /* AddTeamViewController.swift */; };
		1F6D50FB244AC78F0052FD97 /* AddTeamTableViewCell.swift in Sources */ = {isa = PBXBuildFile; fileRef = 1F6D50FA244AC78F0052FD97 /* AddTeamTableViewCell.swift */; };
		1FEF320D244D2B1300260A06 /* APIKeys.swift in Sources */ = {isa = PBXBuildFile; fileRef = 1FEF320C244D2B1300260A06 /* APIKeys.swift */; };
		1FEF320F244D304200260A06 /* Teams.swift in Sources */ = {isa = PBXBuildFile; fileRef = 1FEF320E244D304200260A06 /* Teams.swift */; };
		1FEF3211244D30A200260A06 /* TeamInfo.swift in Sources */ = {isa = PBXBuildFile; fileRef = 1FEF3210244D30A200260A06 /* TeamInfo.swift */; };
		9206C1CF6604D5891F659E6B /* libPods-NBA 101.a in Frameworks */ = {isa = PBXBuildFile; fileRef = 1D914C9B83A3F291BB6F458E /* libPods-NBA 101.a */; };
/* End PBXBuildFile section */

/* Begin PBXFileReference section */
		1D914C9B83A3F291BB6F458E /* libPods-NBA 101.a */ = {isa = PBXFileReference; explicitFileType = archive.ar; includeInIndex = 0; path = "libPods-NBA 101.a"; sourceTree = BUILT_PRODUCTS_DIR; };
		1F0F31DC244E9BCA00C1C308 /* PlayerInfo.swift */ = {isa = PBXFileReference; lastKnownFileType = sourcecode.swift; path = PlayerInfo.swift; sourceTree = "<group>"; };
		1F0F31DE244E9D1600C1C308 /* Players.swift */ = {isa = PBXFileReference; lastKnownFileType = sourcecode.swift; path = Players.swift; sourceTree = "<group>"; };
		1F0F31E0244EA2CB00C1C308 /* UIImageView + loadURL.swift */ = {isa = PBXFileReference; lastKnownFileType = sourcecode.swift; path = "UIImageView + loadURL.swift"; sourceTree = "<group>"; };
		1F29969F244E8E8F00A35C00 /* RosterTableViewCell.swift */ = {isa = PBXFileReference; lastKnownFileType = sourcecode.swift; path = RosterTableViewCell.swift; sourceTree = "<group>"; };
		1F2996A1244E911100A35C00 /* UIColor + hexString init.swift */ = {isa = PBXFileReference; lastKnownFileType = sourcecode.swift; path = "UIColor + hexString init.swift"; sourceTree = "<group>"; };
		1F41294F244E6B3800B2F44C /* libSVGKit.a */ = {isa = PBXFileReference; explicitFileType = archive.ar; path = libSVGKit.a; sourceTree = BUILT_PRODUCTS_DIR; };
		1F412955244E6D3400B2F44C /* libSVGKit.a */ = {isa = PBXFileReference; explicitFileType = archive.ar; path = libSVGKit.a; sourceTree = BUILT_PRODUCTS_DIR; };
		1F6D50D7244AA8E00052FD97 /* NBA 101.app */ = {isa = PBXFileReference; explicitFileType = wrapper.application; includeInIndex = 0; path = "NBA 101.app"; sourceTree = BUILT_PRODUCTS_DIR; };
		1F6D50DA244AA8E00052FD97 /* AppDelegate.swift */ = {isa = PBXFileReference; lastKnownFileType = sourcecode.swift; path = AppDelegate.swift; sourceTree = "<group>"; };
		1F6D50DC244AA8E00052FD97 /* SceneDelegate.swift */ = {isa = PBXFileReference; lastKnownFileType = sourcecode.swift; path = SceneDelegate.swift; sourceTree = "<group>"; };
		1F6D50DE244AA8E00052FD97 /* ViewController.swift */ = {isa = PBXFileReference; lastKnownFileType = sourcecode.swift; path = ViewController.swift; sourceTree = "<group>"; };
		1F6D50E1244AA8E00052FD97 /* Base */ = {isa = PBXFileReference; lastKnownFileType = file.storyboard; name = Base; path = Base.lproj/Main.storyboard; sourceTree = "<group>"; };
		1F6D50E3244AA8E30052FD97 /* Assets.xcassets */ = {isa = PBXFileReference; lastKnownFileType = folder.assetcatalog; path = Assets.xcassets; sourceTree = "<group>"; };
		1F6D50E6244AA8E30052FD97 /* Base */ = {isa = PBXFileReference; lastKnownFileType = file.storyboard; name = Base; path = Base.lproj/LaunchScreen.storyboard; sourceTree = "<group>"; };
		1F6D50E8244AA8E30052FD97 /* Info.plist */ = {isa = PBXFileReference; lastKnownFileType = text.plist.xml; path = Info.plist; sourceTree = "<group>"; };
		1F6D50EE244AB9C50052FD97 /* TeamTableViewCell.swift */ = {isa = PBXFileReference; lastKnownFileType = sourcecode.swift; path = TeamTableViewCell.swift; sourceTree = "<group>"; };
		1F6D50F0244AB9D40052FD97 /* GameTableViewCell.swift */ = {isa = PBXFileReference; lastKnownFileType = sourcecode.swift; path = GameTableViewCell.swift; sourceTree = "<group>"; };
		1F6D50F2244AC0BA0052FD97 /* TeamDetailViewController.swift */ = {isa = PBXFileReference; lastKnownFileType = sourcecode.swift; path = TeamDetailViewController.swift; sourceTree = "<group>"; };
		1F6D50F8244AC7790052FD97 /* AddTeamViewController.swift */ = {isa = PBXFileReference; lastKnownFileType = sourcecode.swift; path = AddTeamViewController.swift; sourceTree = "<group>"; };
		1F6D50FA244AC78F0052FD97 /* AddTeamTableViewCell.swift */ = {isa = PBXFileReference; lastKnownFileType = sourcecode.swift; path = AddTeamTableViewCell.swift; sourceTree = "<group>"; };
		1FEF320C244D2B1300260A06 /* APIKeys.swift */ = {isa = PBXFileReference; lastKnownFileType = sourcecode.swift; path = APIKeys.swift; sourceTree = "<group>"; };
		1FEF320E244D304200260A06 /* Teams.swift */ = {isa = PBXFileReference; lastKnownFileType = sourcecode.swift; path = Teams.swift; sourceTree = "<group>"; };
		1FEF3210244D30A200260A06 /* TeamInfo.swift */ = {isa = PBXFileReference; lastKnownFileType = sourcecode.swift; path = TeamInfo.swift; sourceTree = "<group>"; };
		6B2DFA14632B0F4B4AE75B6B /* Pods-NBA 101.debug.xcconfig */ = {isa = PBXFileReference; includeInIndex = 1; lastKnownFileType = text.xcconfig; name = "Pods-NBA 101.debug.xcconfig"; path = "Target Support Files/Pods-NBA 101/Pods-NBA 101.debug.xcconfig"; sourceTree = "<group>"; };
		BABD4C8B97E6100CCD3EE3B2 /* Pods-NBA 101.release.xcconfig */ = {isa = PBXFileReference; includeInIndex = 1; lastKnownFileType = text.xcconfig; name = "Pods-NBA 101.release.xcconfig"; path = "Target Support Files/Pods-NBA 101/Pods-NBA 101.release.xcconfig"; sourceTree = "<group>"; };
/* End PBXFileReference section */

/* Begin PBXFrameworksBuildPhase section */
		1F6D50D4244AA8E00052FD97 /* Frameworks */ = {
			isa = PBXFrameworksBuildPhase;
			buildActionMask = 2147483647;
			files = (
				9206C1CF6604D5891F659E6B /* libPods-NBA 101.a in Frameworks */,
				1F412956244E6D3400B2F44C /* libSVGKit.a in Frameworks */,
			);
			runOnlyForDeploymentPostprocessing = 0;
		};
/* End PBXFrameworksBuildPhase section */

/* Begin PBXGroup section */
		1F6D50CE244AA8DF0052FD97 = {
			isa = PBXGroup;
			children = (
				1F6D50D9244AA8E00052FD97 /* NBA 101 */,
				1F6D50D8244AA8E00052FD97 /* Products */,
				CC31134A8E6BFE5C5FEC8040 /* Pods */,
				68BDC22585192FC759DEBD7F /* Frameworks */,
			);
			sourceTree = "<group>";
		};
		1F6D50D8244AA8E00052FD97 /* Products */ = {
			isa = PBXGroup;
			children = (
				1F6D50D7244AA8E00052FD97 /* NBA 101.app */,
			);
			name = Products;
			sourceTree = "<group>";
		};
		1F6D50D9244AA8E00052FD97 /* NBA 101 */ = {
			isa = PBXGroup;
			children = (
				1F6D50DA244AA8E00052FD97 /* AppDelegate.swift */,
				1F6D50DC244AA8E00052FD97 /* SceneDelegate.swift */,
				1F0F31DE244E9D1600C1C308 /* Players.swift */,
				1F0F31DC244E9BCA00C1C308 /* PlayerInfo.swift */,
				1FEF320E244D304200260A06 /* Teams.swift */,
				1FEF3210244D30A200260A06 /* TeamInfo.swift */,
				1F6D50DE244AA8E00052FD97 /* ViewController.swift */,
				1F6D50EE244AB9C50052FD97 /* TeamTableViewCell.swift */,
				1F6D50F0244AB9D40052FD97 /* GameTableViewCell.swift */,
				1F6D50F8244AC7790052FD97 /* AddTeamViewController.swift */,
				1F6D50FA244AC78F0052FD97 /* AddTeamTableViewCell.swift */,
				1F6D50F2244AC0BA0052FD97 /* TeamDetailViewController.swift */,
				1F29969F244E8E8F00A35C00 /* RosterTableViewCell.swift */,
				1F2996A1244E911100A35C00 /* UIColor + hexString init.swift */,
				1F0F31E0244EA2CB00C1C308 /* UIImageView + loadURL.swift */,
				1F6D50E0244AA8E00052FD97 /* Main.storyboard */,
				1F6D50E3244AA8E30052FD97 /* Assets.xcassets */,
				1F6D50E5244AA8E30052FD97 /* LaunchScreen.storyboard */,
				1F6D50E8244AA8E30052FD97 /* Info.plist */,
				1FEF320C244D2B1300260A06 /* APIKeys.swift */,
			);
			path = "NBA 101";
			sourceTree = "<group>";
		};
		68BDC22585192FC759DEBD7F /* Frameworks */ = {
			isa = PBXGroup;
			children = (
				1F412955244E6D3400B2F44C /* libSVGKit.a */,
				1F41294F244E6B3800B2F44C /* libSVGKit.a */,
				1D914C9B83A3F291BB6F458E /* libPods-NBA 101.a */,
			);
			name = Frameworks;
			sourceTree = "<group>";
		};
		CC31134A8E6BFE5C5FEC8040 /* Pods */ = {
			isa = PBXGroup;
			children = (
				6B2DFA14632B0F4B4AE75B6B /* Pods-NBA 101.debug.xcconfig */,
				BABD4C8B97E6100CCD3EE3B2 /* Pods-NBA 101.release.xcconfig */,
			);
			path = Pods;
			sourceTree = "<group>";
		};
/* End PBXGroup section */

/* Begin PBXNativeTarget section */
		1F6D50D6244AA8E00052FD97 /* NBA 101 */ = {
			isa = PBXNativeTarget;
			buildConfigurationList = 1F6D50EB244AA8E30052FD97 /* Build configuration list for PBXNativeTarget "NBA 101" */;
			buildPhases = (
				467E8380AE21911BBAD1F9D1 /* [CP] Check Pods Manifest.lock */,
				1F6D50D3244AA8E00052FD97 /* Sources */,
				1F6D50D4244AA8E00052FD97 /* Frameworks */,
				1F6D50D5244AA8E00052FD97 /* Resources */,
				FF203C5D9587482978F0463A /* [CP] Copy Pods Resources */,
			);
			buildRules = (
			);
			dependencies = (
			);
			name = "NBA 101";
			productName = "NBA 101";
			productReference = 1F6D50D7244AA8E00052FD97 /* NBA 101.app */;
			productType = "com.apple.product-type.application";
		};
/* End PBXNativeTarget section */

/* Begin PBXProject section */
		1F6D50CF244AA8DF0052FD97 /* Project object */ = {
			isa = PBXProject;
			attributes = {
				LastSwiftUpdateCheck = 1140;
				LastUpgradeCheck = 1140;
				ORGANIZATIONNAME = "Ben Tsai";
				TargetAttributes = {
					1F6D50D6244AA8E00052FD97 = {
						CreatedOnToolsVersion = 11.4.1;
						LastSwiftMigration = 1140;
					};
				};
			};
			buildConfigurationList = 1F6D50D2244AA8DF0052FD97 /* Build configuration list for PBXProject "NBA 101" */;
			compatibilityVersion = "Xcode 9.3";
			developmentRegion = en;
			hasScannedForEncodings = 0;
			knownRegions = (
				en,
				Base,
			);
			mainGroup = 1F6D50CE244AA8DF0052FD97;
			productRefGroup = 1F6D50D8244AA8E00052FD97 /* Products */;
			projectDirPath = "";
			projectRoot = "";
			targets = (
				1F6D50D6244AA8E00052FD97 /* NBA 101 */,
			);
		};
/* End PBXProject section */

/* Begin PBXResourcesBuildPhase section */
		1F6D50D5244AA8E00052FD97 /* Resources */ = {
			isa = PBXResourcesBuildPhase;
			buildActionMask = 2147483647;
			files = (
				1F6D50E7244AA8E30052FD97 /* LaunchScreen.storyboard in Resources */,
				1F6D50E4244AA8E30052FD97 /* Assets.xcassets in Resources */,
				1F6D50E2244AA8E00052FD97 /* Main.storyboard in Resources */,
			);
			runOnlyForDeploymentPostprocessing = 0;
		};
/* End PBXResourcesBuildPhase section */

/* Begin PBXShellScriptBuildPhase section */
		467E8380AE21911BBAD1F9D1 /* [CP] Check Pods Manifest.lock */ = {
			isa = PBXShellScriptBuildPhase;
			buildActionMask = 2147483647;
			files = (
			);
			inputFileListPaths = (
			);
			inputPaths = (
				"${PODS_PODFILE_DIR_PATH}/Podfile.lock",
				"${PODS_ROOT}/Manifest.lock",
			);
			name = "[CP] Check Pods Manifest.lock";
			outputFileListPaths = (
			);
			outputPaths = (
				"$(DERIVED_FILE_DIR)/Pods-NBA 101-checkManifestLockResult.txt",
			);
			runOnlyForDeploymentPostprocessing = 0;
			shellPath = /bin/sh;
			shellScript = "diff \"${PODS_PODFILE_DIR_PATH}/Podfile.lock\" \"${PODS_ROOT}/Manifest.lock\" > /dev/null\nif [ $? != 0 ] ; then\n    # print error to STDERR\n    echo \"error: The sandbox is not in sync with the Podfile.lock. Run 'pod install' or update your CocoaPods installation.\" >&2\n    exit 1\nfi\n# This output is used by Xcode 'outputs' to avoid re-running this script phase.\necho \"SUCCESS\" > \"${SCRIPT_OUTPUT_FILE_0}\"\n";
			showEnvVarsInLog = 0;
		};
		FF203C5D9587482978F0463A /* [CP] Copy Pods Resources */ = {
			isa = PBXShellScriptBuildPhase;
			buildActionMask = 2147483647;
			files = (
			);
			inputFileListPaths = (
				"${PODS_ROOT}/Target Support Files/Pods-NBA 101/Pods-NBA 101-resources-${CONFIGURATION}-input-files.xcfilelist",
			);
			name = "[CP] Copy Pods Resources";
			outputFileListPaths = (
				"${PODS_ROOT}/Target Support Files/Pods-NBA 101/Pods-NBA 101-resources-${CONFIGURATION}-output-files.xcfilelist",
			);
			runOnlyForDeploymentPostprocessing = 0;
			shellPath = /bin/sh;
			shellScript = "\"${PODS_ROOT}/Target Support Files/Pods-NBA 101/Pods-NBA 101-resources.sh\"\n";
			showEnvVarsInLog = 0;
		};
/* End PBXShellScriptBuildPhase section */

/* Begin PBXSourcesBuildPhase section */
		1F6D50D3244AA8E00052FD97 /* Sources */ = {
			isa = PBXSourcesBuildPhase;
			buildActionMask = 2147483647;
			files = (
				1FEF3211244D30A200260A06 /* TeamInfo.swift in Sources */,
				1F6D50FB244AC78F0052FD97 /* AddTeamTableViewCell.swift in Sources */,
				1F6D50F1244AB9D40052FD97 /* GameTableViewCell.swift in Sources */,
				1F2996A0244E8E8F00A35C00 /* RosterTableViewCell.swift in Sources */,
				1F0F31DD244E9BCA00C1C308 /* PlayerInfo.swift in Sources */,
				1F0F31E1244EA2CB00C1C308 /* UIImageView + loadURL.swift in Sources */,
				1F6D50F3244AC0BA0052FD97 /* TeamDetailViewController.swift in Sources */,
				1F6D50EF244AB9C50052FD97 /* TeamTableViewCell.swift in Sources */,
				1F0F31DF244E9D1600C1C308 /* Players.swift in Sources */,
				1FEF320F244D304200260A06 /* Teams.swift in Sources */,
				1F6D50DF244AA8E00052FD97 /* ViewController.swift in Sources */,
				1FEF320D244D2B1300260A06 /* APIKeys.swift in Sources */,
				1F6D50F9244AC7790052FD97 /* AddTeamViewController.swift in Sources */,
				1F6D50DB244AA8E00052FD97 /* AppDelegate.swift in Sources */,
				1F6D50DD244AA8E00052FD97 /* SceneDelegate.swift in Sources */,
				1F2996A2244E911100A35C00 /* UIColor + hexString init.swift in Sources */,
			);
			runOnlyForDeploymentPostprocessing = 0;
		};
/* End PBXSourcesBuildPhase section */

/* Begin PBXVariantGroup section */
		1F6D50E0244AA8E00052FD97 /* Main.storyboard */ = {
			isa = PBXVariantGroup;
			children = (
				1F6D50E1244AA8E00052FD97 /* Base */,
			);
			name = Main.storyboard;
			sourceTree = "<group>";
		};
		1F6D50E5244AA8E30052FD97 /* LaunchScreen.storyboard */ = {
			isa = PBXVariantGroup;
			children = (
				1F6D50E6244AA8E30052FD97 /* Base */,
			);
			name = LaunchScreen.storyboard;
			sourceTree = "<group>";
		};
/* End PBXVariantGroup section */

/* Begin XCBuildConfiguration section */
		1F6D50E9244AA8E30052FD97 /* Debug */ = {
			isa = XCBuildConfiguration;
			buildSettings = {
				ALWAYS_SEARCH_USER_PATHS = NO;
				CLANG_ANALYZER_NONNULL = YES;
				CLANG_ANALYZER_NUMBER_OBJECT_CONVERSION = YES_AGGRESSIVE;
				CLANG_CXX_LANGUAGE_STANDARD = "gnu++14";
				CLANG_CXX_LIBRARY = "libc++";
				CLANG_ENABLE_MODULES = YES;
				CLANG_ENABLE_OBJC_ARC = YES;
				CLANG_ENABLE_OBJC_WEAK = YES;
				CLANG_WARN_BLOCK_CAPTURE_AUTORELEASING = YES;
				CLANG_WARN_BOOL_CONVERSION = YES;
				CLANG_WARN_COMMA = YES;
				CLANG_WARN_CONSTANT_CONVERSION = YES;
				CLANG_WARN_DEPRECATED_OBJC_IMPLEMENTATIONS = YES;
				CLANG_WARN_DIRECT_OBJC_ISA_USAGE = YES_ERROR;
				CLANG_WARN_DOCUMENTATION_COMMENTS = YES;
				CLANG_WARN_EMPTY_BODY = YES;
				CLANG_WARN_ENUM_CONVERSION = YES;
				CLANG_WARN_INFINITE_RECURSION = YES;
				CLANG_WARN_INT_CONVERSION = YES;
				CLANG_WARN_NON_LITERAL_NULL_CONVERSION = YES;
				CLANG_WARN_OBJC_IMPLICIT_RETAIN_SELF = YES;
				CLANG_WARN_OBJC_LITERAL_CONVERSION = YES;
				CLANG_WARN_OBJC_ROOT_CLASS = YES_ERROR;
				CLANG_WARN_RANGE_LOOP_ANALYSIS = YES;
				CLANG_WARN_STRICT_PROTOTYPES = YES;
				CLANG_WARN_SUSPICIOUS_MOVE = YES;
				CLANG_WARN_UNGUARDED_AVAILABILITY = YES_AGGRESSIVE;
				CLANG_WARN_UNREACHABLE_CODE = YES;
				CLANG_WARN__DUPLICATE_METHOD_MATCH = YES;
				COPY_PHASE_STRIP = NO;
				DEBUG_INFORMATION_FORMAT = dwarf;
				ENABLE_STRICT_OBJC_MSGSEND = YES;
				ENABLE_TESTABILITY = YES;
				GCC_C_LANGUAGE_STANDARD = gnu11;
				GCC_DYNAMIC_NO_PIC = NO;
				GCC_NO_COMMON_BLOCKS = YES;
				GCC_OPTIMIZATION_LEVEL = 0;
				GCC_PREPROCESSOR_DEFINITIONS = (
					"DEBUG=1",
					"$(inherited)",
				);
				GCC_WARN_64_TO_32_BIT_CONVERSION = YES;
				GCC_WARN_ABOUT_RETURN_TYPE = YES_ERROR;
				GCC_WARN_UNDECLARED_SELECTOR = YES;
				GCC_WARN_UNINITIALIZED_AUTOS = YES_AGGRESSIVE;
				GCC_WARN_UNUSED_FUNCTION = YES;
				GCC_WARN_UNUSED_VARIABLE = YES;
				IPHONEOS_DEPLOYMENT_TARGET = 13.4;
				MTL_ENABLE_DEBUG_INFO = INCLUDE_SOURCE;
				MTL_FAST_MATH = YES;
				ONLY_ACTIVE_ARCH = YES;
				SDKROOT = iphoneos;
				SWIFT_ACTIVE_COMPILATION_CONDITIONS = DEBUG;
				SWIFT_OPTIMIZATION_LEVEL = "-Onone";
			};
			name = Debug;
		};
		1F6D50EA244AA8E30052FD97 /* Release */ = {
			isa = XCBuildConfiguration;
			buildSettings = {
				ALWAYS_SEARCH_USER_PATHS = NO;
				CLANG_ANALYZER_NONNULL = YES;
				CLANG_ANALYZER_NUMBER_OBJECT_CONVERSION = YES_AGGRESSIVE;
				CLANG_CXX_LANGUAGE_STANDARD = "gnu++14";
				CLANG_CXX_LIBRARY = "libc++";
				CLANG_ENABLE_MODULES = YES;
				CLANG_ENABLE_OBJC_ARC = YES;
				CLANG_ENABLE_OBJC_WEAK = YES;
				CLANG_WARN_BLOCK_CAPTURE_AUTORELEASING = YES;
				CLANG_WARN_BOOL_CONVERSION = YES;
				CLANG_WARN_COMMA = YES;
				CLANG_WARN_CONSTANT_CONVERSION = YES;
				CLANG_WARN_DEPRECATED_OBJC_IMPLEMENTATIONS = YES;
				CLANG_WARN_DIRECT_OBJC_ISA_USAGE = YES_ERROR;
				CLANG_WARN_DOCUMENTATION_COMMENTS = YES;
				CLANG_WARN_EMPTY_BODY = YES;
				CLANG_WARN_ENUM_CONVERSION = YES;
				CLANG_WARN_INFINITE_RECURSION = YES;
				CLANG_WARN_INT_CONVERSION = YES;
				CLANG_WARN_NON_LITERAL_NULL_CONVERSION = YES;
				CLANG_WARN_OBJC_IMPLICIT_RETAIN_SELF = YES;
				CLANG_WARN_OBJC_LITERAL_CONVERSION = YES;
				CLANG_WARN_OBJC_ROOT_CLASS = YES_ERROR;
				CLANG_WARN_RANGE_LOOP_ANALYSIS = YES;
				CLANG_WARN_STRICT_PROTOTYPES = YES;
				CLANG_WARN_SUSPICIOUS_MOVE = YES;
				CLANG_WARN_UNGUARDED_AVAILABILITY = YES_AGGRESSIVE;
				CLANG_WARN_UNREACHABLE_CODE = YES;
				CLANG_WARN__DUPLICATE_METHOD_MATCH = YES;
				COPY_PHASE_STRIP = NO;
				DEBUG_INFORMATION_FORMAT = "dwarf-with-dsym";
				ENABLE_NS_ASSERTIONS = NO;
				ENABLE_STRICT_OBJC_MSGSEND = YES;
				GCC_C_LANGUAGE_STANDARD = gnu11;
				GCC_NO_COMMON_BLOCKS = YES;
				GCC_WARN_64_TO_32_BIT_CONVERSION = YES;
				GCC_WARN_ABOUT_RETURN_TYPE = YES_ERROR;
				GCC_WARN_UNDECLARED_SELECTOR = YES;
				GCC_WARN_UNINITIALIZED_AUTOS = YES_AGGRESSIVE;
				GCC_WARN_UNUSED_FUNCTION = YES;
				GCC_WARN_UNUSED_VARIABLE = YES;
				IPHONEOS_DEPLOYMENT_TARGET = 13.4;
				MTL_ENABLE_DEBUG_INFO = NO;
				MTL_FAST_MATH = YES;
				SDKROOT = iphoneos;
				SWIFT_COMPILATION_MODE = wholemodule;
				SWIFT_OPTIMIZATION_LEVEL = "-O";
				VALIDATE_PRODUCT = YES;
			};
			name = Release;
		};
		1F6D50EC244AA8E30052FD97 /* Debug */ = {
			isa = XCBuildConfiguration;
			baseConfigurationReference = 6B2DFA14632B0F4B4AE75B6B /* Pods-NBA 101.debug.xcconfig */;
			buildSettings = {
				ASSETCATALOG_COMPILER_APPICON_NAME = AppIcon;
				CLANG_ENABLE_MODULES = YES;
				CODE_SIGN_STYLE = Automatic;
				DEVELOPMENT_TEAM = 9LM68CGF2F;
				INFOPLIST_FILE = "NBA 101/Info.plist";
				LD_RUNPATH_SEARCH_PATHS = (
					"$(inherited)",
					"@executable_path/Frameworks",
				);
				PRODUCT_BUNDLE_IDENTIFIER = "com.bentsai.NBA-101";
				PRODUCT_NAME = "$(TARGET_NAME)";
				SWIFT_OBJC_BRIDGING_HEADER = "NBA 101/NBA 101-Bridging-Header.h";
				SWIFT_OPTIMIZATION_LEVEL = "-Onone";
				SWIFT_VERSION = 5.0;
				TARGETED_DEVICE_FAMILY = "1,2";
			};
			name = Debug;
		};
		1F6D50ED244AA8E30052FD97 /* Release */ = {
			isa = XCBuildConfiguration;
			baseConfigurationReference = BABD4C8B97E6100CCD3EE3B2 /* Pods-NBA 101.release.xcconfig */;
			buildSettings = {
				ASSETCATALOG_COMPILER_APPICON_NAME = AppIcon;
				CLANG_ENABLE_MODULES = YES;
				CODE_SIGN_STYLE = Automatic;
				DEVELOPMENT_TEAM = 9LM68CGF2F;
				INFOPLIST_FILE = "NBA 101/Info.plist";
				LD_RUNPATH_SEARCH_PATHS = (
					"$(inherited)",
					"@executable_path/Frameworks",
				);
				PRODUCT_BUNDLE_IDENTIFIER = "com.bentsai.NBA-101";
				PRODUCT_NAME = "$(TARGET_NAME)";
				SWIFT_OBJC_BRIDGING_HEADER = "NBA 101/NBA 101-Bridging-Header.h";
				SWIFT_VERSION = 5.0;
				TARGETED_DEVICE_FAMILY = "1,2";
			};
			name = Release;
		};
/* End XCBuildConfiguration section */

/* Begin XCConfigurationList section */
		1F6D50D2244AA8DF0052FD97 /* Build configuration list for PBXProject "NBA 101" */ = {
			isa = XCConfigurationList;
			buildConfigurations = (
				1F6D50E9244AA8E30052FD97 /* Debug */,
				1F6D50EA244AA8E30052FD97 /* Release */,
			);
			defaultConfigurationIsVisible = 0;
			defaultConfigurationName = Release;
		};
		1F6D50EB244AA8E30052FD97 /* Build configuration list for PBXNativeTarget "NBA 101" */ = {
			isa = XCConfigurationList;
			buildConfigurations = (
				1F6D50EC244AA8E30052FD97 /* Debug */,
				1F6D50ED244AA8E30052FD97 /* Release */,
			);
			defaultConfigurationIsVisible = 0;
			defaultConfigurationName = Release;
		};
/* End XCConfigurationList section */
	};
	rootObject = 1F6D50CF244AA8DF0052FD97 /* Project object */;
}
